PODS:
  - Alamofire (4.9.1)
  - Realm (5.3.1):
    - Realm/Headers (= 5.3.1)
  - Realm/Headers (5.3.1)
  - RealmSwift (5.3.1):
    - Realm (= 5.3.1)
  - SwiftyJSON (5.0.0)

DEPENDENCIES:
  - Alamofire (~> 4.7)
  - RealmSwift
  - SwiftyJSON

SPEC REPOS:
  trunk:
    - Alamofire
    - Realm
    - RealmSwift
    - SwiftyJSON

SPEC CHECKSUMS:
  Alamofire: 85e8a02c69d6020a0d734f6054870d7ecb75cf18
  Realm: 8ec860dc0c3079f7cab1085d95661a06f162d487
  RealmSwift: ca9d0df752157befb8c28034301f988a56ce91eb
  SwiftyJSON: 36413e04c44ee145039d332b4f4e2d3e8d6c4db7

PODFILE CHECKSUM: a4cd263cf2c329369f4f3894d16db706993a1a80

COCOAPODS: 1.9.3
